
Microsoft Visual Studio Solution File, Format Version 12.00
# Visual Studio 15
VisualStudioVersion = 15.0.26730.12
MinimumVisualStudioVersion = 10.0.40219.1
Project("{2150E333-8FDC-42A3-9474-1A3956D46DE8}") = "Logic", "Logic", "{ADDDDA89-779B-469D-822C-45AB27E52033}"
EndProject
Project("{2150E333-8FDC-42A3-9474-1A3956D46DE8}") = "Tests", "Tests", "{4798BD11-CD22-4A48-85B2-580DCC568BC2}"
EndProject
Project("{9A19103F-16F7-4668-BE54-9A1E7A4F7556}") = "Logic.Core", "Logic\Logic.Core\Logic.Core.csproj", "{8D53F4CC-80E5-49CE-9CDB-737C98570EB1}"
EndProject
Project("{9A19103F-16F7-4668-BE54-9A1E7A4F7556}") = "Tests.Logic.Core", "Tests\Tests.Logic.Core\Tests.Logic.Core.csproj", "{3A28F1C2-F9C6-4570-9E8B-A29E891FA4A4}"
EndProject
Global
	GlobalSection(SolutionConfigurationPlatforms) = preSolution
		Debug|Any CPU = Debug|Any CPU
		Release|Any CPU = Release|Any CPU
		ReleaseNuget|Any CPU = ReleaseNuget|Any CPU
	EndGlobalSection
	GlobalSection(ProjectConfigurationPlatforms) = postSolution
		{8D53F4CC-80E5-49CE-9CDB-737C98570EB1}.Debug|Any CPU.ActiveCfg = Debug|Any CPU
		{8D53F4CC-80E5-49CE-9CDB-737C98570EB1}.Debug|Any CPU.Build.0 = Debug|Any CPU
		{8D53F4CC-80E5-49CE-9CDB-737C98570EB1}.Release|Any CPU.ActiveCfg = Release|Any CPU
		{8D53F4CC-80E5-49CE-9CDB-737C98570EB1}.Release|Any CPU.Build.0 = Release|Any CPU
		{8D53F4CC-80E5-49CE-9CDB-737C98570EB1}.ReleaseNuget|Any CPU.ActiveCfg = Release|Any CPU
		{8D53F4CC-80E5-49CE-9CDB-737C98570EB1}.ReleaseNuget|Any CPU.Build.0 = Release|Any CPU
		{3A28F1C2-F9C6-4570-9E8B-A29E891FA4A4}.Debug|Any CPU.ActiveCfg = Debug|Any CPU
		{3A28F1C2-F9C6-4570-9E8B-A29E891FA4A4}.Debug|Any CPU.Build.0 = Debug|Any CPU
		{3A28F1C2-F9C6-4570-9E8B-A29E891FA4A4}.Release|Any CPU.ActiveCfg = Release|Any CPU
		{3A28F1C2-F9C6-4570-9E8B-A29E891FA4A4}.Release|Any CPU.Build.0 = Release|Any CPU
		{3A28F1C2-F9C6-4570-9E8B-A29E891FA4A4}.ReleaseNuget|Any CPU.ActiveCfg = Release|Any CPU
		{3A28F1C2-F9C6-4570-9E8B-A29E891FA4A4}.ReleaseNuget|Any CPU.Build.0 = Release|Any CPU
	EndGlobalSection
	GlobalSection(SolutionProperties) = preSolution
		HideSolutionNode = FALSE
	EndGlobalSection
	GlobalSection(NestedProjects) = preSolution
		{8D53F4CC-80E5-49CE-9CDB-737C98570EB1} = {ADDDDA89-779B-469D-822C-45AB27E52033}
		{3A28F1C2-F9C6-4570-9E8B-A29E891FA4A4} = {4798BD11-CD22-4A48-85B2-580DCC568BC2}
	EndGlobalSection
	GlobalSection(ExtensibilityGlobals) = postSolution
		SolutionGuid = {0CB174C0-9B88-4511-B852-BBF7A730A908}
	EndGlobalSection
EndGlobal
