
Microsoft Visual Studio Solution File, Format Version 12.00
# Visual Studio 15
VisualStudioVersion = 15.0.26730.10
MinimumVisualStudioVersion = 10.0.40219.1
Project("{2150E333-8FDC-42A3-9474-1A3956D46DE8}") = ".nuget", ".nuget", "{E9030A1C-8742-42C1-86ED-73E237BDFBD6}"
	ProjectSection(SolutionItems) = preProject
		.nuget\apikey.txt = .nuget\apikey.txt
		.nuget\codingfreaks.nuget.targets = .nuget\codingfreaks.nuget.targets
		.nuget\NuGet.Config = .nuget\NuGet.Config
		.nuget\NuGet.exe = .nuget\NuGet.exe
		.nuget\NuGet.targets = .nuget\NuGet.targets
		.nuget\packages.config = .nuget\packages.config
	EndProjectSection
EndProject
Project("{2150E333-8FDC-42A3-9474-1A3956D46DE8}") = "Logic", "Logic", "{ADDDDA89-779B-469D-822C-45AB27E52033}"
EndProject
Project("{FAE04EC0-301F-11D3-BF4B-00C04F79EFBC}") = "Logic.Base", "Logic\Logic.Base\Logic.Base.csproj", "{3C63B977-7ACD-4A7B-B196-10A815D4866D}"
EndProject
Project("{2150E333-8FDC-42A3-9474-1A3956D46DE8}") = "_Shared", "_Shared", "{82F1F0C0-0387-451C-998B-D1B8241504F0}"
	ProjectSection(SolutionItems) = preProject
		_Shared\SharedAssemblyInfo.cs = _Shared\SharedAssemblyInfo.cs
	EndProjectSection
EndProject
Project("{FAE04EC0-301F-11D3-BF4B-00C04F79EFBC}") = "Logic.Utils", "Logic\Logic.Utils\Logic.Utils.csproj", "{88F51888-A010-41E2-9BFA-3D612B38F3AF}"
EndProject
Project("{FAE04EC0-301F-11D3-BF4B-00C04F79EFBC}") = "Logic.Wpf", "Logic\Logic.Wpf\Logic.Wpf.csproj", "{84EEE92F-21D4-4044-9C4F-EFD439EE6481}"
EndProject
Project("{FAE04EC0-301F-11D3-BF4B-00C04F79EFBC}") = "Logic.Azure", "Logic\Logic.Azure\Logic.Azure.csproj", "{9213F9E3-2A7E-4890-8A3C-BC91ACE4D235}"
EndProject
Project("{FAE04EC0-301F-11D3-BF4B-00C04F79EFBC}") = "Logic.Web", "Logic\Logic.Web\Logic.Web.csproj", "{2EE5CDDA-E59B-415E-BEEE-950A2B2571F9}"
EndProject
Project("{FAE04EC0-301F-11D3-BF4B-00C04F79EFBC}") = "Logic.Screenshot", "Logic\Logic.Screenshot\Logic.Screenshot.csproj", "{C7B34736-E58D-4B6E-9C46-9E77C78B6F84}"
EndProject
Project("{FAE04EC0-301F-11D3-BF4B-00C04F79EFBC}") = "Logic.Portable", "Logic\Logic.Portable\Logic.Portable.csproj", "{38B4CDDF-5457-441A-84D0-3826F5D0E1AA}"
EndProject
Project("{FAE04EC0-301F-11D3-BF4B-00C04F79EFBC}") = "Logic.Tests", "Logic\Logic.Tests\Logic.Tests.csproj", "{8CE28847-7194-499B-B3E1-8691427F0B6C}"
EndProject
Project("{FAE04EC0-301F-11D3-BF4B-00C04F79EFBC}") = "Logic.WebMvc", "Logic\Logic.WebMvc\Logic.WebMvc.csproj", "{68AB46DB-36E7-40F0-A546-66FCC191F043}"
EndProject
Project("{2150E333-8FDC-42A3-9474-1A3956D46DE8}") = "Tests", "Tests", "{4798BD11-CD22-4A48-85B2-580DCC568BC2}"
EndProject
Project("{FAE04EC0-301F-11D3-BF4B-00C04F79EFBC}") = "Tests.Core", "Tests\Tests.Core\Tests.Core.csproj", "{0472C903-C6E6-4253-8206-5EA6AB82B6BC}"
EndProject
Project("{FAE04EC0-301F-11D3-BF4B-00C04F79EFBC}") = "Tests.Portable", "Tests\Tests.Portable\Tests.Portable.csproj", "{D57BA698-2CE9-4A65-91BE-FB1349389D49}"
EndProject
Project("{2150E333-8FDC-42A3-9474-1A3956D46DE8}") = "Ui", "Ui", "{F3E8372F-C729-4D7F-92A4-B9C38965CBC0}"
EndProject
Project("{FAE04EC0-301F-11D3-BF4B-00C04F79EFBC}") = "Ui.TestConsole", "Ui\UiTestConsole\Ui.TestConsole.csproj", "{0C5AF187-0626-4A55-8ED6-26FD20955D0B}"
EndProject
Project("{FAE04EC0-301F-11D3-BF4B-00C04F79EFBC}") = "Logic.Excel", "Logic\Logic.Excel\Logic.Excel.csproj", "{22662C9E-EBFE-4CC7-AE10-4C98545D4B21}"
EndProject
Project("{FAE04EC0-301F-11D3-BF4B-00C04F79EFBC}") = "Tests.Web", "Tests\Tests.Web\Tests.Web.csproj", "{D92C7FD4-7AA2-4930-8EB1-D555F3FBB454}"
EndProject
Project("{FAE04EC0-301F-11D3-BF4B-00C04F79EFBC}") = "Logic.Redis", "Logic\Logic.Redis\Logic.Redis.csproj", "{61EF9E0F-EEF7-4087-8806-B05ABB162329}"
EndProject
Project("{9A19103F-16F7-4668-BE54-9A1E7A4F7556}") = "Logic.Standard", "Logic\Logic.Standard\Logic.Standard.csproj", "{42CB3823-3D2C-4EBF-A3A7-CF6E9B21DAC3}"
EndProject
Project("{FAE04EC0-301F-11D3-BF4B-00C04F79EFBC}") = "Ui.WindowsApp", "Ui\Ui.WindowsApp\Ui.WindowsApp.csproj", "{5243D7B2-A6FE-4B16-93DD-978D02E3CCD0}"
EndProject
Global
	GlobalSection(SolutionConfigurationPlatforms) = preSolution
		Debug|Any CPU = Debug|Any CPU
		Release|Any CPU = Release|Any CPU
		ReleaseNuget|Any CPU = ReleaseNuget|Any CPU
	EndGlobalSection
	GlobalSection(ProjectConfigurationPlatforms) = postSolution
		{3C63B977-7ACD-4A7B-B196-10A815D4866D}.Debug|Any CPU.ActiveCfg = Debug|Any CPU
		{3C63B977-7ACD-4A7B-B196-10A815D4866D}.Debug|Any CPU.Build.0 = Debug|Any CPU
		{3C63B977-7ACD-4A7B-B196-10A815D4866D}.Release|Any CPU.ActiveCfg = Release|Any CPU
		{3C63B977-7ACD-4A7B-B196-10A815D4866D}.Release|Any CPU.Build.0 = Release|Any CPU
		{3C63B977-7ACD-4A7B-B196-10A815D4866D}.ReleaseNuget|Any CPU.ActiveCfg = ReleaseNuget|Any CPU
		{3C63B977-7ACD-4A7B-B196-10A815D4866D}.ReleaseNuget|Any CPU.Build.0 = ReleaseNuget|Any CPU
		{88F51888-A010-41E2-9BFA-3D612B38F3AF}.Debug|Any CPU.ActiveCfg = Debug|Any CPU
		{88F51888-A010-41E2-9BFA-3D612B38F3AF}.Debug|Any CPU.Build.0 = Debug|Any CPU
		{88F51888-A010-41E2-9BFA-3D612B38F3AF}.Release|Any CPU.ActiveCfg = Release|Any CPU
		{88F51888-A010-41E2-9BFA-3D612B38F3AF}.Release|Any CPU.Build.0 = Release|Any CPU
		{88F51888-A010-41E2-9BFA-3D612B38F3AF}.ReleaseNuget|Any CPU.ActiveCfg = ReleaseNuget|Any CPU
		{88F51888-A010-41E2-9BFA-3D612B38F3AF}.ReleaseNuget|Any CPU.Build.0 = ReleaseNuget|Any CPU
		{84EEE92F-21D4-4044-9C4F-EFD439EE6481}.Debug|Any CPU.ActiveCfg = Debug|Any CPU
		{84EEE92F-21D4-4044-9C4F-EFD439EE6481}.Debug|Any CPU.Build.0 = Debug|Any CPU
		{84EEE92F-21D4-4044-9C4F-EFD439EE6481}.Release|Any CPU.ActiveCfg = Release|Any CPU
		{84EEE92F-21D4-4044-9C4F-EFD439EE6481}.Release|Any CPU.Build.0 = Release|Any CPU
		{84EEE92F-21D4-4044-9C4F-EFD439EE6481}.ReleaseNuget|Any CPU.ActiveCfg = ReleaseNuget|Any CPU
		{84EEE92F-21D4-4044-9C4F-EFD439EE6481}.ReleaseNuget|Any CPU.Build.0 = ReleaseNuget|Any CPU
		{9213F9E3-2A7E-4890-8A3C-BC91ACE4D235}.Debug|Any CPU.ActiveCfg = Debug|Any CPU
		{9213F9E3-2A7E-4890-8A3C-BC91ACE4D235}.Debug|Any CPU.Build.0 = Debug|Any CPU
		{9213F9E3-2A7E-4890-8A3C-BC91ACE4D235}.Release|Any CPU.ActiveCfg = Release|Any CPU
		{9213F9E3-2A7E-4890-8A3C-BC91ACE4D235}.Release|Any CPU.Build.0 = Release|Any CPU
		{9213F9E3-2A7E-4890-8A3C-BC91ACE4D235}.ReleaseNuget|Any CPU.ActiveCfg = ReleaseNuget|Any CPU
		{9213F9E3-2A7E-4890-8A3C-BC91ACE4D235}.ReleaseNuget|Any CPU.Build.0 = ReleaseNuget|Any CPU
		{2EE5CDDA-E59B-415E-BEEE-950A2B2571F9}.Debug|Any CPU.ActiveCfg = Debug|Any CPU
		{2EE5CDDA-E59B-415E-BEEE-950A2B2571F9}.Debug|Any CPU.Build.0 = Debug|Any CPU
		{2EE5CDDA-E59B-415E-BEEE-950A2B2571F9}.Release|Any CPU.ActiveCfg = Release|Any CPU
		{2EE5CDDA-E59B-415E-BEEE-950A2B2571F9}.Release|Any CPU.Build.0 = Release|Any CPU
		{2EE5CDDA-E59B-415E-BEEE-950A2B2571F9}.ReleaseNuget|Any CPU.ActiveCfg = ReleaseNuget|Any CPU
		{2EE5CDDA-E59B-415E-BEEE-950A2B2571F9}.ReleaseNuget|Any CPU.Build.0 = ReleaseNuget|Any CPU
		{C7B34736-E58D-4B6E-9C46-9E77C78B6F84}.Debug|Any CPU.ActiveCfg = Debug|Any CPU
		{C7B34736-E58D-4B6E-9C46-9E77C78B6F84}.Debug|Any CPU.Build.0 = Debug|Any CPU
		{C7B34736-E58D-4B6E-9C46-9E77C78B6F84}.Release|Any CPU.ActiveCfg = Release|Any CPU
		{C7B34736-E58D-4B6E-9C46-9E77C78B6F84}.Release|Any CPU.Build.0 = Release|Any CPU
		{C7B34736-E58D-4B6E-9C46-9E77C78B6F84}.ReleaseNuget|Any CPU.ActiveCfg = ReleaseNuget|Any CPU
		{C7B34736-E58D-4B6E-9C46-9E77C78B6F84}.ReleaseNuget|Any CPU.Build.0 = ReleaseNuget|Any CPU
		{38B4CDDF-5457-441A-84D0-3826F5D0E1AA}.Debug|Any CPU.ActiveCfg = Debug|Any CPU
		{38B4CDDF-5457-441A-84D0-3826F5D0E1AA}.Debug|Any CPU.Build.0 = Debug|Any CPU
		{38B4CDDF-5457-441A-84D0-3826F5D0E1AA}.Release|Any CPU.ActiveCfg = Release|Any CPU
		{38B4CDDF-5457-441A-84D0-3826F5D0E1AA}.Release|Any CPU.Build.0 = Release|Any CPU
		{38B4CDDF-5457-441A-84D0-3826F5D0E1AA}.ReleaseNuget|Any CPU.ActiveCfg = ReleaseNuget|Any CPU
		{38B4CDDF-5457-441A-84D0-3826F5D0E1AA}.ReleaseNuget|Any CPU.Build.0 = ReleaseNuget|Any CPU
		{8CE28847-7194-499B-B3E1-8691427F0B6C}.Debug|Any CPU.ActiveCfg = Debug|Any CPU
		{8CE28847-7194-499B-B3E1-8691427F0B6C}.Debug|Any CPU.Build.0 = Debug|Any CPU
		{8CE28847-7194-499B-B3E1-8691427F0B6C}.Release|Any CPU.ActiveCfg = Release|Any CPU
		{8CE28847-7194-499B-B3E1-8691427F0B6C}.Release|Any CPU.Build.0 = Release|Any CPU
		{8CE28847-7194-499B-B3E1-8691427F0B6C}.ReleaseNuget|Any CPU.ActiveCfg = ReleaseNuget|Any CPU
		{8CE28847-7194-499B-B3E1-8691427F0B6C}.ReleaseNuget|Any CPU.Build.0 = ReleaseNuget|Any CPU
		{68AB46DB-36E7-40F0-A546-66FCC191F043}.Debug|Any CPU.ActiveCfg = Debug|Any CPU
		{68AB46DB-36E7-40F0-A546-66FCC191F043}.Debug|Any CPU.Build.0 = Debug|Any CPU
		{68AB46DB-36E7-40F0-A546-66FCC191F043}.Release|Any CPU.ActiveCfg = Release|Any CPU
		{68AB46DB-36E7-40F0-A546-66FCC191F043}.Release|Any CPU.Build.0 = Release|Any CPU
		{68AB46DB-36E7-40F0-A546-66FCC191F043}.ReleaseNuget|Any CPU.ActiveCfg = ReleaseNuget|Any CPU
		{68AB46DB-36E7-40F0-A546-66FCC191F043}.ReleaseNuget|Any CPU.Build.0 = ReleaseNuget|Any CPU
		{0472C903-C6E6-4253-8206-5EA6AB82B6BC}.Debug|Any CPU.ActiveCfg = Debug|Any CPU
		{0472C903-C6E6-4253-8206-5EA6AB82B6BC}.Debug|Any CPU.Build.0 = Debug|Any CPU
		{0472C903-C6E6-4253-8206-5EA6AB82B6BC}.Release|Any CPU.ActiveCfg = Release|Any CPU
		{0472C903-C6E6-4253-8206-5EA6AB82B6BC}.Release|Any CPU.Build.0 = Release|Any CPU
		{0472C903-C6E6-4253-8206-5EA6AB82B6BC}.ReleaseNuget|Any CPU.ActiveCfg = ReleaseNuget|Any CPU
		{0472C903-C6E6-4253-8206-5EA6AB82B6BC}.ReleaseNuget|Any CPU.Build.0 = ReleaseNuget|Any CPU
		{D57BA698-2CE9-4A65-91BE-FB1349389D49}.Debug|Any CPU.ActiveCfg = Debug|Any CPU
		{D57BA698-2CE9-4A65-91BE-FB1349389D49}.Debug|Any CPU.Build.0 = Debug|Any CPU
		{D57BA698-2CE9-4A65-91BE-FB1349389D49}.Release|Any CPU.ActiveCfg = Release|Any CPU
		{D57BA698-2CE9-4A65-91BE-FB1349389D49}.Release|Any CPU.Build.0 = Release|Any CPU
		{D57BA698-2CE9-4A65-91BE-FB1349389D49}.ReleaseNuget|Any CPU.ActiveCfg = ReleaseNuget|Any CPU
		{D57BA698-2CE9-4A65-91BE-FB1349389D49}.ReleaseNuget|Any CPU.Build.0 = ReleaseNuget|Any CPU
		{0C5AF187-0626-4A55-8ED6-26FD20955D0B}.Debug|Any CPU.ActiveCfg = Debug|Any CPU
		{0C5AF187-0626-4A55-8ED6-26FD20955D0B}.Debug|Any CPU.Build.0 = Debug|Any CPU
		{0C5AF187-0626-4A55-8ED6-26FD20955D0B}.Release|Any CPU.ActiveCfg = Release|Any CPU
		{0C5AF187-0626-4A55-8ED6-26FD20955D0B}.Release|Any CPU.Build.0 = Release|Any CPU
		{0C5AF187-0626-4A55-8ED6-26FD20955D0B}.ReleaseNuget|Any CPU.ActiveCfg = ReleaseNuget|Any CPU
		{0C5AF187-0626-4A55-8ED6-26FD20955D0B}.ReleaseNuget|Any CPU.Build.0 = ReleaseNuget|Any CPU
		{22662C9E-EBFE-4CC7-AE10-4C98545D4B21}.Debug|Any CPU.ActiveCfg = Debug|Any CPU
		{22662C9E-EBFE-4CC7-AE10-4C98545D4B21}.Debug|Any CPU.Build.0 = Debug|Any CPU
		{22662C9E-EBFE-4CC7-AE10-4C98545D4B21}.Release|Any CPU.ActiveCfg = Release|Any CPU
		{22662C9E-EBFE-4CC7-AE10-4C98545D4B21}.Release|Any CPU.Build.0 = Release|Any CPU
		{22662C9E-EBFE-4CC7-AE10-4C98545D4B21}.ReleaseNuget|Any CPU.ActiveCfg = ReleaseNuget|Any CPU
		{22662C9E-EBFE-4CC7-AE10-4C98545D4B21}.ReleaseNuget|Any CPU.Build.0 = ReleaseNuget|Any CPU
		{D92C7FD4-7AA2-4930-8EB1-D555F3FBB454}.Debug|Any CPU.ActiveCfg = Debug|Any CPU
		{D92C7FD4-7AA2-4930-8EB1-D555F3FBB454}.Debug|Any CPU.Build.0 = Debug|Any CPU
		{D92C7FD4-7AA2-4930-8EB1-D555F3FBB454}.Release|Any CPU.ActiveCfg = Release|Any CPU
		{D92C7FD4-7AA2-4930-8EB1-D555F3FBB454}.Release|Any CPU.Build.0 = Release|Any CPU
		{D92C7FD4-7AA2-4930-8EB1-D555F3FBB454}.ReleaseNuget|Any CPU.ActiveCfg = ReleaseNuget|Any CPU
		{D92C7FD4-7AA2-4930-8EB1-D555F3FBB454}.ReleaseNuget|Any CPU.Build.0 = ReleaseNuget|Any CPU
		{61EF9E0F-EEF7-4087-8806-B05ABB162329}.Debug|Any CPU.ActiveCfg = Debug|Any CPU
		{61EF9E0F-EEF7-4087-8806-B05ABB162329}.Debug|Any CPU.Build.0 = Debug|Any CPU
		{61EF9E0F-EEF7-4087-8806-B05ABB162329}.Release|Any CPU.ActiveCfg = Release|Any CPU
		{61EF9E0F-EEF7-4087-8806-B05ABB162329}.Release|Any CPU.Build.0 = Release|Any CPU
		{61EF9E0F-EEF7-4087-8806-B05ABB162329}.ReleaseNuget|Any CPU.ActiveCfg = ReleaseNuget|Any CPU
		{61EF9E0F-EEF7-4087-8806-B05ABB162329}.ReleaseNuget|Any CPU.Build.0 = ReleaseNuget|Any CPU
		{42CB3823-3D2C-4EBF-A3A7-CF6E9B21DAC3}.Debug|Any CPU.ActiveCfg = Debug|Any CPU
		{42CB3823-3D2C-4EBF-A3A7-CF6E9B21DAC3}.Debug|Any CPU.Build.0 = Debug|Any CPU
		{42CB3823-3D2C-4EBF-A3A7-CF6E9B21DAC3}.Release|Any CPU.ActiveCfg = Release|Any CPU
		{42CB3823-3D2C-4EBF-A3A7-CF6E9B21DAC3}.Release|Any CPU.Build.0 = Release|Any CPU
		{42CB3823-3D2C-4EBF-A3A7-CF6E9B21DAC3}.ReleaseNuget|Any CPU.ActiveCfg = Release|Any CPU
		{42CB3823-3D2C-4EBF-A3A7-CF6E9B21DAC3}.ReleaseNuget|Any CPU.Build.0 = Release|Any CPU
		{5243D7B2-A6FE-4B16-93DD-978D02E3CCD0}.Debug|Any CPU.ActiveCfg = Debug|Any CPU
		{5243D7B2-A6FE-4B16-93DD-978D02E3CCD0}.Debug|Any CPU.Build.0 = Debug|Any CPU
		{5243D7B2-A6FE-4B16-93DD-978D02E3CCD0}.Release|Any CPU.ActiveCfg = Release|Any CPU
		{5243D7B2-A6FE-4B16-93DD-978D02E3CCD0}.Release|Any CPU.Build.0 = Release|Any CPU
		{5243D7B2-A6FE-4B16-93DD-978D02E3CCD0}.ReleaseNuget|Any CPU.ActiveCfg = Release|Any CPU
		{5243D7B2-A6FE-4B16-93DD-978D02E3CCD0}.ReleaseNuget|Any CPU.Build.0 = Release|Any CPU
	EndGlobalSection
	GlobalSection(SolutionProperties) = preSolution
		HideSolutionNode = FALSE
	EndGlobalSection
	GlobalSection(NestedProjects) = preSolution
		{3C63B977-7ACD-4A7B-B196-10A815D4866D} = {ADDDDA89-779B-469D-822C-45AB27E52033}
		{88F51888-A010-41E2-9BFA-3D612B38F3AF} = {ADDDDA89-779B-469D-822C-45AB27E52033}
		{84EEE92F-21D4-4044-9C4F-EFD439EE6481} = {ADDDDA89-779B-469D-822C-45AB27E52033}
		{9213F9E3-2A7E-4890-8A3C-BC91ACE4D235} = {ADDDDA89-779B-469D-822C-45AB27E52033}
		{2EE5CDDA-E59B-415E-BEEE-950A2B2571F9} = {ADDDDA89-779B-469D-822C-45AB27E52033}
		{C7B34736-E58D-4B6E-9C46-9E77C78B6F84} = {ADDDDA89-779B-469D-822C-45AB27E52033}
		{38B4CDDF-5457-441A-84D0-3826F5D0E1AA} = {ADDDDA89-779B-469D-822C-45AB27E52033}
		{8CE28847-7194-499B-B3E1-8691427F0B6C} = {ADDDDA89-779B-469D-822C-45AB27E52033}
		{68AB46DB-36E7-40F0-A546-66FCC191F043} = {ADDDDA89-779B-469D-822C-45AB27E52033}
		{0472C903-C6E6-4253-8206-5EA6AB82B6BC} = {4798BD11-CD22-4A48-85B2-580DCC568BC2}
		{D57BA698-2CE9-4A65-91BE-FB1349389D49} = {4798BD11-CD22-4A48-85B2-580DCC568BC2}
		{0C5AF187-0626-4A55-8ED6-26FD20955D0B} = {F3E8372F-C729-4D7F-92A4-B9C38965CBC0}
		{22662C9E-EBFE-4CC7-AE10-4C98545D4B21} = {ADDDDA89-779B-469D-822C-45AB27E52033}
		{D92C7FD4-7AA2-4930-8EB1-D555F3FBB454} = {4798BD11-CD22-4A48-85B2-580DCC568BC2}
		{61EF9E0F-EEF7-4087-8806-B05ABB162329} = {ADDDDA89-779B-469D-822C-45AB27E52033}
		{42CB3823-3D2C-4EBF-A3A7-CF6E9B21DAC3} = {ADDDDA89-779B-469D-822C-45AB27E52033}
		{5243D7B2-A6FE-4B16-93DD-978D02E3CCD0} = {F3E8372F-C729-4D7F-92A4-B9C38965CBC0}
	EndGlobalSection
	GlobalSection(ExtensibilityGlobals) = postSolution
		SolutionGuid = {0CB174C0-9B88-4511-B852-BBF7A730A908}
	EndGlobalSection
EndGlobal
